// !$*UTF8*$!
{
	archiveVersion = 1;
	classes = {
	};
	objectVersion = 55;
	objects = {

/* Begin PBXBuildFile section */
		5200C1A42795F249007CD613 /* WelcomeView.swift in Sources */ = {isa = PBXBuildFile; fileRef = 5200C1A32795F249007CD613 /* WelcomeView.swift */; };
		5200C1A62795FD1B007CD613 /* GameColor.swift in Sources */ = {isa = PBXBuildFile; fileRef = 5200C1A52795FD1B007CD613 /* GameColor.swift */; };
		5200C1A82795FEE2007CD613 /* BottomTextView.swift in Sources */ = {isa = PBXBuildFile; fileRef = 5200C1A72795FEE2007CD613 /* BottomTextView.swift */; };
		5230B0E327980C190059D9F4 /* GameViewModel.swift in Sources */ = {isa = PBXBuildFile; fileRef = 5230B0E227980C190059D9F4 /* GameViewModel.swift */; };
		5234F5D327932F99006FDCCB /* code_history_swift_UIApp.swift in Sources */ = {isa = PBXBuildFile; fileRef = 5234F5D227932F99006FDCCB /* code_history_swift_UIApp.swift */; };
		5234F5D527932F99006FDCCB /* GameView.swift in Sources */ = {isa = PBXBuildFile; fileRef = 5234F5D427932F99006FDCCB /* GameView.swift */; };
		5234F5D727932F9D006FDCCB /* Assets.xcassets in Resources */ = {isa = PBXBuildFile; fileRef = 5234F5D627932F9D006FDCCB /* Assets.xcassets */; };
		5234F5DA27932F9D006FDCCB /* Preview Assets.xcassets in Resources */ = {isa = PBXBuildFile; fileRef = 5234F5D927932F9D006FDCCB /* Preview Assets.xcassets */; };
		528597E62795AD7A0025B0ED /* Game.swift in Sources */ = {isa = PBXBuildFile; fileRef = 528597E52795AD7A0025B0ED /* Game.swift */; };
		528DB61627A181860045E479 /* ScoreView.swift in Sources */ = {isa = PBXBuildFile; fileRef = 528DB61527A181860045E479 /* ScoreView.swift */; };
		528DB61827A18BDB0045E479 /* ScoreViewModel.swift in Sources */ = {isa = PBXBuildFile; fileRef = 528DB61727A18BDB0045E479 /* ScoreViewModel.swift */; };
		5298D821279858CF002A7C79 /* QuestionView.swift in Sources */ = {isa = PBXBuildFile; fileRef = 5298D820279858CF002A7C79 /* QuestionView.swift */; };
		52DD987C27942FF100655D10 /* Question.swift in Sources */ = {isa = PBXBuildFile; fileRef = 52DD987B27942FF100655D10 /* Question.swift */; };
		52DD987E2794352D00655D10 /* ChoiceTextView.swift in Sources */ = {isa = PBXBuildFile; fileRef = 52DD987D2794352D00655D10 /* ChoiceTextView.swift */; };
/* End PBXBuildFile section */

/* Begin PBXFileReference section */
		5200C1A32795F249007CD613 /* WelcomeView.swift */ = {isa = PBXFileReference; lastKnownFileType = sourcecode.swift; path = WelcomeView.swift; sourceTree = "<group>"; };
		5200C1A52795FD1B007CD613 /* GameColor.swift */ = {isa = PBXFileReference; lastKnownFileType = sourcecode.swift; path = GameColor.swift; sourceTree = "<group>"; };
		5200C1A72795FEE2007CD613 /* BottomTextView.swift */ = {isa = PBXFileReference; lastKnownFileType = sourcecode.swift; path = BottomTextView.swift; sourceTree = "<group>"; };
		5230B0E227980C190059D9F4 /* GameViewModel.swift */ = {isa = PBXFileReference; lastKnownFileType = sourcecode.swift; path = GameViewModel.swift; sourceTree = "<group>"; };
		5234F5CF27932F99006FDCCB /* code-history-swift-UI.app */ = {isa = PBXFileReference; explicitFileType = wrapper.application; includeInIndex = 0; path = "code-history-swift-UI.app"; sourceTree = BUILT_PRODUCTS_DIR; };
		5234F5D227932F99006FDCCB /* code_history_swift_UIApp.swift */ = {isa = PBXFileReference; lastKnownFileType = sourcecode.swift; path = code_history_swift_UIApp.swift; sourceTree = "<group>"; };
		5234F5D427932F99006FDCCB /* GameView.swift */ = {isa = PBXFileReference; lastKnownFileType = sourcecode.swift; path = GameView.swift; sourceTree = "<group>"; };
		5234F5D627932F9D006FDCCB /* Assets.xcassets */ = {isa = PBXFileReference; lastKnownFileType = folder.assetcatalog; path = Assets.xcassets; sourceTree = "<group>"; };
		5234F5D927932F9D006FDCCB /* Preview Assets.xcassets */ = {isa = PBXFileReference; lastKnownFileType = folder.assetcatalog; path = "Preview Assets.xcassets"; sourceTree = "<group>"; };
		528597E52795AD7A0025B0ED /* Game.swift */ = {isa = PBXFileReference; lastKnownFileType = sourcecode.swift; path = Game.swift; sourceTree = "<group>"; };
		528DB61527A181860045E479 /* ScoreView.swift */ = {isa = PBXFileReference; lastKnownFileType = sourcecode.swift; path = ScoreView.swift; sourceTree = "<group>"; };
		528DB61727A18BDB0045E479 /* ScoreViewModel.swift */ = {isa = PBXFileReference; lastKnownFileType = sourcecode.swift; path = ScoreViewModel.swift; sourceTree = "<group>"; };
		5298D820279858CF002A7C79 /* QuestionView.swift */ = {isa = PBXFileReference; lastKnownFileType = sourcecode.swift; path = QuestionView.swift; sourceTree = "<group>"; };
		529EEC4A27A1AD7200684514 /* README.md */ = {isa = PBXFileReference; lastKnownFileType = net.daringfireball.markdown; path = README.md; sourceTree = "<group>"; };
		52DD987B27942FF100655D10 /* Question.swift */ = {isa = PBXFileReference; lastKnownFileType = sourcecode.swift; path = Question.swift; sourceTree = "<group>"; };
		52DD987D2794352D00655D10 /* ChoiceTextView.swift */ = {isa = PBXFileReference; lastKnownFileType = sourcecode.swift; path = ChoiceTextView.swift; sourceTree = "<group>"; };
/* End PBXFileReference section */

/* Begin PBXFrameworksBuildPhase section */
		5234F5CC27932F99006FDCCB /* Frameworks */ = {
			isa = PBXFrameworksBuildPhase;
			buildActionMask = 2147483647;
			files = (
			);
			runOnlyForDeploymentPostprocessing = 0;
		};
/* End PBXFrameworksBuildPhase section */

/* Begin PBXGroup section */
		5230B0E127980B9C0059D9F4 /* ViewModels */ = {
			isa = PBXGroup;
			children = (
				5230B0E227980C190059D9F4 /* GameViewModel.swift */,
				528DB61727A18BDB0045E479 /* ScoreViewModel.swift */,
			);
			path = ViewModels;
			sourceTree = "<group>";
		};
		5234F5C627932F99006FDCCB = {
			isa = PBXGroup;
			children = (
				529EEC4A27A1AD7200684514 /* README.md */,
				5234F5D127932F99006FDCCB /* code-history-swift-UI */,
				5234F5D027932F99006FDCCB /* Products */,
			);
			sourceTree = "<group>";
		};
		5234F5D027932F99006FDCCB /* Products */ = {
			isa = PBXGroup;
			children = (
				5234F5CF27932F99006FDCCB /* code-history-swift-UI.app */,
			);
			name = Products;
			sourceTree = "<group>";
		};
		5234F5D127932F99006FDCCB /* code-history-swift-UI */ = {
			isa = PBXGroup;
			children = (
				5234F5D227932F99006FDCCB /* code_history_swift_UIApp.swift */,
				528597E72795AE300025B0ED /* Models */,
				528597E82795AE470025B0ED /* Views */,
				5230B0E127980B9C0059D9F4 /* ViewModels */,
				5234F5D627932F9D006FDCCB /* Assets.xcassets */,
				5234F5D827932F9D006FDCCB /* Preview Content */,
			);
			path = "code-history-swift-UI";
			sourceTree = "<group>";
		};
		5234F5D827932F9D006FDCCB /* Preview Content */ = {
			isa = PBXGroup;
			children = (
				5234F5D927932F9D006FDCCB /* Preview Assets.xcassets */,
			);
			path = "Preview Content";
			sourceTree = "<group>";
		};
		528597E72795AE300025B0ED /* Models */ = {
			isa = PBXGroup;
			children = (
				528597E52795AD7A0025B0ED /* Game.swift */,
				52DD987B27942FF100655D10 /* Question.swift */,
			);
			path = Models;
			sourceTree = "<group>";
		};
		528597E82795AE470025B0ED /* Views */ = {
			isa = PBXGroup;
			children = (
				52DD987D2794352D00655D10 /* ChoiceTextView.swift */,
				5234F5D427932F99006FDCCB /* GameView.swift */,
				5200C1A32795F249007CD613 /* WelcomeView.swift */,
				5200C1A52795FD1B007CD613 /* GameColor.swift */,
				5200C1A72795FEE2007CD613 /* BottomTextView.swift */,
				5298D820279858CF002A7C79 /* QuestionView.swift */,
				528DB61527A181860045E479 /* ScoreView.swift */,
			);
			path = Views;
			sourceTree = "<group>";
		};
/* End PBXGroup section */

/* Begin PBXNativeTarget section */
		5234F5CE27932F99006FDCCB /* code-history-swift-UI */ = {
			isa = PBXNativeTarget;
			buildConfigurationList = 5234F5DD27932F9D006FDCCB /* Build configuration list for PBXNativeTarget "code-history-swift-UI" */;
			buildPhases = (
				5234F5CB27932F99006FDCCB /* Sources */,
				5234F5CC27932F99006FDCCB /* Frameworks */,
				5234F5CD27932F99006FDCCB /* Resources */,
			);
			buildRules = (
			);
			dependencies = (
			);
			name = "code-history-swift-UI";
			productName = "code-history-swift-UI";
			productReference = 5234F5CF27932F99006FDCCB /* code-history-swift-UI.app */;
			productType = "com.apple.product-type.application";
		};
/* End PBXNativeTarget section */

/* Begin PBXProject section */
		5234F5C727932F99006FDCCB /* Project object */ = {
			isa = PBXProject;
			attributes = {
				BuildIndependentTargetsInParallel = 1;
				LastSwiftUpdateCheck = 1320;
				LastUpgradeCheck = 1320;
				TargetAttributes = {
					5234F5CE27932F99006FDCCB = {
						CreatedOnToolsVersion = 13.2.1;
					};
				};
			};
			buildConfigurationList = 5234F5CA27932F99006FDCCB /* Build configuration list for PBXProject "code-history-swift-UI" */;
			compatibilityVersion = "Xcode 13.0";
			developmentRegion = en;
			hasScannedForEncodings = 0;
			knownRegions = (
				en,
				Base,
			);
			mainGroup = 5234F5C627932F99006FDCCB;
			productRefGroup = 5234F5D027932F99006FDCCB /* Products */;
			projectDirPath = "";
			projectRoot = "";
			targets = (
				5234F5CE27932F99006FDCCB /* code-history-swift-UI */,
			);
		};
/* End PBXProject section */

/* Begin PBXResourcesBuildPhase section */
		5234F5CD27932F99006FDCCB /* Resources */ = {
			isa = PBXResourcesBuildPhase;
			buildActionMask = 2147483647;
			files = (
				5234F5DA27932F9D006FDCCB /* Preview Assets.xcassets in Resources */,
				5234F5D727932F9D006FDCCB /* Assets.xcassets in Resources */,
			);
			runOnlyForDeploymentPostprocessing = 0;
		};
/* End PBXResourcesBuildPhase section */

/* Begin PBXSourcesBuildPhase section */
		5234F5CB27932F99006FDCCB /* Sources */ = {
			isa = PBXSourcesBuildPhase;
			buildActionMask = 2147483647;
			files = (
				5298D821279858CF002A7C79 /* QuestionView.swift in Sources */,
				5230B0E327980C190059D9F4 /* GameViewModel.swift in Sources */,
				52DD987C27942FF100655D10 /* Question.swift in Sources */,
				528DB61827A18BDB0045E479 /* ScoreViewModel.swift in Sources */,
				5200C1A42795F249007CD613 /* WelcomeView.swift in Sources */,
				528597E62795AD7A0025B0ED /* Game.swift in Sources */,
				5234F5D527932F99006FDCCB /* GameView.swift in Sources */,
				5200C1A82795FEE2007CD613 /* BottomTextView.swift in Sources */,
				528DB61627A181860045E479 /* ScoreView.swift in Sources */,
				5200C1A62795FD1B007CD613 /* GameColor.swift in Sources */,
				52DD987E2794352D00655D10 /* ChoiceTextView.swift in Sources */,
				5234F5D327932F99006FDCCB /* code_history_swift_UIApp.swift in Sources */,
			);
			runOnlyForDeploymentPostprocessing = 0;
		};
/* End PBXSourcesBuildPhase section */

/* Begin XCBuildConfiguration section */
		5234F5DB27932F9D006FDCCB /* Debug */ = {
			isa = XCBuildConfiguration;
			buildSettings = {
				ALWAYS_SEARCH_USER_PATHS = NO;
				CLANG_ANALYZER_NONNULL = YES;
				CLANG_ANALYZER_NUMBER_OBJECT_CONVERSION = YES_AGGRESSIVE;
				CLANG_CXX_LANGUAGE_STANDARD = "gnu++17";
				CLANG_CXX_LIBRARY = "libc++";
				CLANG_ENABLE_MODULES = YES;
				CLANG_ENABLE_OBJC_ARC = YES;
				CLANG_ENABLE_OBJC_WEAK = YES;
				CLANG_WARN_BLOCK_CAPTURE_AUTORELEASING = YES;
				CLANG_WARN_BOOL_CONVERSION = YES;
				CLANG_WARN_COMMA = YES;
				CLANG_WARN_CONSTANT_CONVERSION = YES;
				CLANG_WARN_DEPRECATED_OBJC_IMPLEMENTATIONS = YES;
				CLANG_WARN_DIRECT_OBJC_ISA_USAGE = YES_ERROR;
				CLANG_WARN_DOCUMENTATION_COMMENTS = YES;
				CLANG_WARN_EMPTY_BODY = YES;
				CLANG_WARN_ENUM_CONVERSION = YES;
				CLANG_WARN_INFINITE_RECURSION = YES;
				CLANG_WARN_INT_CONVERSION = YES;
				CLANG_WARN_NON_LITERAL_NULL_CONVERSION = YES;
				CLANG_WARN_OBJC_IMPLICIT_RETAIN_SELF = YES;
				CLANG_WARN_OBJC_LITERAL_CONVERSION = YES;
				CLANG_WARN_OBJC_ROOT_CLASS = YES_ERROR;
				CLANG_WARN_QUOTED_INCLUDE_IN_FRAMEWORK_HEADER = YES;
				CLANG_WARN_RANGE_LOOP_ANALYSIS = YES;
				CLANG_WARN_STRICT_PROTOTYPES = YES;
				CLANG_WARN_SUSPICIOUS_MOVE = YES;
				CLANG_WARN_UNGUARDED_AVAILABILITY = YES_AGGRESSIVE;
				CLANG_WARN_UNREACHABLE_CODE = YES;
				CLANG_WARN__DUPLICATE_METHOD_MATCH = YES;
				COPY_PHASE_STRIP = NO;
				DEBUG_INFORMATION_FORMAT = dwarf;
				ENABLE_STRICT_OBJC_MSGSEND = YES;
				ENABLE_TESTABILITY = YES;
				GCC_C_LANGUAGE_STANDARD = gnu11;
				GCC_DYNAMIC_NO_PIC = NO;
				GCC_NO_COMMON_BLOCKS = YES;
				GCC_OPTIMIZATION_LEVEL = 0;
				GCC_PREPROCESSOR_DEFINITIONS = (
					"DEBUG=1",
					"$(inherited)",
				);
				GCC_WARN_64_TO_32_BIT_CONVERSION = YES;
				GCC_WARN_ABOUT_RETURN_TYPE = YES_ERROR;
				GCC_WARN_UNDECLARED_SELECTOR = YES;
				GCC_WARN_UNINITIALIZED_AUTOS = YES_AGGRESSIVE;
				GCC_WARN_UNUSED_FUNCTION = YES;
				GCC_WARN_UNUSED_VARIABLE = YES;
				IPHONEOS_DEPLOYMENT_TARGET = 15.2;
				MTL_ENABLE_DEBUG_INFO = INCLUDE_SOURCE;
				MTL_FAST_MATH = YES;
				ONLY_ACTIVE_ARCH = YES;
				SDKROOT = iphoneos;
				SWIFT_ACTIVE_COMPILATION_CONDITIONS = DEBUG;
				SWIFT_OPTIMIZATION_LEVEL = "-Onone";
			};
			name = Debug;
		};
		5234F5DC27932F9D006FDCCB /* Release */ = {
			isa = XCBuildConfiguration;
			buildSettings = {
				ALWAYS_SEARCH_USER_PATHS = NO;
				CLANG_ANALYZER_NONNULL = YES;
				CLANG_ANALYZER_NUMBER_OBJECT_CONVERSION = YES_AGGRESSIVE;
				CLANG_CXX_LANGUAGE_STANDARD = "gnu++17";
				CLANG_CXX_LIBRARY = "libc++";
				CLANG_ENABLE_MODULES = YES;
				CLANG_ENABLE_OBJC_ARC = YES;
				CLANG_ENABLE_OBJC_WEAK = YES;
				CLANG_WARN_BLOCK_CAPTURE_AUTORELEASING = YES;
				CLANG_WARN_BOOL_CONVERSION = YES;
				CLANG_WARN_COMMA = YES;
				CLANG_WARN_CONSTANT_CONVERSION = YES;
				CLANG_WARN_DEPRECATED_OBJC_IMPLEMENTATIONS = YES;
				CLANG_WARN_DIRECT_OBJC_ISA_USAGE = YES_ERROR;
				CLANG_WARN_DOCUMENTATION_COMMENTS = YES;
				CLANG_WARN_EMPTY_BODY = YES;
				CLANG_WARN_ENUM_CONVERSION = YES;
				CLANG_WARN_INFINITE_RECURSION = YES;
				CLANG_WARN_INT_CONVERSION = YES;
				CLANG_WARN_NON_LITERAL_NULL_CONVERSION = YES;
				CLANG_WARN_OBJC_IMPLICIT_RETAIN_SELF = YES;
				CLANG_WARN_OBJC_LITERAL_CONVERSION = YES;
				CLANG_WARN_OBJC_ROOT_CLASS = YES_ERROR;
				CLANG_WARN_QUOTED_INCLUDE_IN_FRAMEWORK_HEADER = YES;
				CLANG_WARN_RANGE_LOOP_ANALYSIS = YES;
				CLANG_WARN_STRICT_PROTOTYPES = YES;
				CLANG_WARN_SUSPICIOUS_MOVE = YES;
				CLANG_WARN_UNGUARDED_AVAILABILITY = YES_AGGRESSIVE;
				CLANG_WARN_UNREACHABLE_CODE = YES;
				CLANG_WARN__DUPLICATE_METHOD_MATCH = YES;
				COPY_PHASE_STRIP = NO;
				DEBUG_INFORMATION_FORMAT = "dwarf-with-dsym";
				ENABLE_NS_ASSERTIONS = NO;
				ENABLE_STRICT_OBJC_MSGSEND = YES;
				GCC_C_LANGUAGE_STANDARD = gnu11;
				GCC_NO_COMMON_BLOCKS = YES;
				GCC_WARN_64_TO_32_BIT_CONVERSION = YES;
				GCC_WARN_ABOUT_RETURN_TYPE = YES_ERROR;
				GCC_WARN_UNDECLARED_SELECTOR = YES;
				GCC_WARN_UNINITIALIZED_AUTOS = YES_AGGRESSIVE;
				GCC_WARN_UNUSED_FUNCTION = YES;
				GCC_WARN_UNUSED_VARIABLE = YES;
				IPHONEOS_DEPLOYMENT_TARGET = 15.2;
				MTL_ENABLE_DEBUG_INFO = NO;
				MTL_FAST_MATH = YES;
				SDKROOT = iphoneos;
				SWIFT_COMPILATION_MODE = wholemodule;
				SWIFT_OPTIMIZATION_LEVEL = "-O";
				VALIDATE_PRODUCT = YES;
			};
			name = Release;
		};
		5234F5DE27932F9D006FDCCB /* Debug */ = {
			isa = XCBuildConfiguration;
			buildSettings = {
				ASSETCATALOG_COMPILER_APPICON_NAME = AppIcon;
				ASSETCATALOG_COMPILER_GLOBAL_ACCENT_COLOR_NAME = AccentColor;
				CODE_SIGN_STYLE = Automatic;
				CURRENT_PROJECT_VERSION = 1;
				DEVELOPMENT_ASSET_PATHS = "\"code-history-swift-UI/Preview Content\"";
				DEVELOPMENT_TEAM = C9KXM95PQS;
				ENABLE_PREVIEWS = YES;
				GENERATE_INFOPLIST_FILE = YES;
				INFOPLIST_KEY_UIApplicationSceneManifest_Generation = YES;
				INFOPLIST_KEY_UIApplicationSupportsIndirectInputEvents = YES;
				INFOPLIST_KEY_UILaunchScreen_Generation = YES;
				INFOPLIST_KEY_UISupportedInterfaceOrientations_iPad = "UIInterfaceOrientationPortrait UIInterfaceOrientationPortraitUpsideDown UIInterfaceOrientationLandscapeLeft UIInterfaceOrientationLandscapeRight";
				INFOPLIST_KEY_UISupportedInterfaceOrientations_iPhone = "UIInterfaceOrientationPortrait UIInterfaceOrientationLandscapeLeft UIInterfaceOrientationLandscapeRight";
				LD_RUNPATH_SEARCH_PATHS = (
					"$(inherited)",
					"@executable_path/Frameworks",
				);
				MARKETING_VERSION = 1.0;
				PRODUCT_BUNDLE_IDENTIFIER = "liubowolkova.code-history-swift-UI";
				PRODUCT_NAME = "$(TARGET_NAME)";
				SWIFT_EMIT_LOC_STRINGS = YES;
				SWIFT_VERSION = 5.0;
				TARGETED_DEVICE_FAMILY = "1,2";
			};
			name = Debug;
		};
		5234F5DF27932F9D006FDCCB /* Release */ = {
			isa = XCBuildConfiguration;
			buildSettings = {
				ASSETCATALOG_COMPILER_APPICON_NAME = AppIcon;
				ASSETCATALOG_COMPILER_GLOBAL_ACCENT_COLOR_NAME = AccentColor;
				CODE_SIGN_STYLE = Automatic;
				CURRENT_PROJECT_VERSION = 1;
				DEVELOPMENT_ASSET_PATHS = "\"code-history-swift-UI/Preview Content\"";
				DEVELOPMENT_TEAM = C9KXM95PQS;
				ENABLE_PREVIEWS = YES;
				GENERATE_INFOPLIST_FILE = YES;
				INFOPLIST_KEY_UIApplicationSceneManifest_Generation = YES;
				INFOPLIST_KEY_UIApplicationSupportsIndirectInputEvents = YES;
				INFOPLIST_KEY_UILaunchScreen_Generation = YES;
				INFOPLIST_KEY_UISupportedInterfaceOrientations_iPad = "UIInterfaceOrientationPortrait UIInterfaceOrientationPortraitUpsideDown UIInterfaceOrientationLandscapeLeft UIInterfaceOrientationLandscapeRight";
				INFOPLIST_KEY_UISupportedInterfaceOrientations_iPhone = "UIInterfaceOrientationPortrait UIInterfaceOrientationLandscapeLeft UIInterfaceOrientationLandscapeRight";
				LD_RUNPATH_SEARCH_PATHS = (
					"$(inherited)",
					"@executable_path/Frameworks",
				);
				MARKETING_VERSION = 1.0;
				PRODUCT_BUNDLE_IDENTIFIER = "liubowolkova.code-history-swift-UI";
				PRODUCT_NAME = "$(TARGET_NAME)";
				SWIFT_EMIT_LOC_STRINGS = YES;
				SWIFT_VERSION = 5.0;
				TARGETED_DEVICE_FAMILY = "1,2";
			};
			name = Release;
		};
/* End XCBuildConfiguration section */

/* Begin XCConfigurationList section */
		5234F5CA27932F99006FDCCB /* Build configuration list for PBXProject "code-history-swift-UI" */ = {
			isa = XCConfigurationList;
			buildConfigurations = (
				5234F5DB27932F9D006FDCCB /* Debug */,
				5234F5DC27932F9D006FDCCB /* Release */,
			);
			defaultConfigurationIsVisible = 0;
			defaultConfigurationName = Release;
		};
		5234F5DD27932F9D006FDCCB /* Build configuration list for PBXNativeTarget "code-history-swift-UI" */ = {
			isa = XCConfigurationList;
			buildConfigurations = (
				5234F5DE27932F9D006FDCCB /* Debug */,
				5234F5DF27932F9D006FDCCB /* Release */,
			);
			defaultConfigurationIsVisible = 0;
			defaultConfigurationName = Release;
		};
/* End XCConfigurationList section */
	};
	rootObject = 5234F5C727932F99006FDCCB /* Project object */;
}
